
Microsoft Visual Studio Solution File, Format Version 12.00
# Visual Studio Version 16
VisualStudioVersion = 16.0.31624.102
MinimumVisualStudioVersion = 10.0.40219.1
Project("{FAE04EC0-301F-11D3-BF4B-00C04F79EFBC}") = "TrackerLibrary", "TrackerLibrary\TrackerLibrary.csproj", "{C5B1A146-1D2A-4FF1-B011-54B2323E76A5}"
EndProject
Project("{FAE04EC0-301F-11D3-BF4B-00C04F79EFBC}") = "TrackerUI", "TrackerUI\TrackerUI.csproj", "{0CD21489-9BCF-4C64-AA1C-598778E7EE34}"
EndProject
Global
	GlobalSection(SolutionConfigurationPlatforms) = preSolution
		Debug|Any CPU = Debug|Any CPU
		Release|Any CPU = Release|Any CPU
	EndGlobalSection
	GlobalSection(ProjectConfigurationPlatforms) = postSolution
		{C5B1A146-1D2A-4FF1-B011-54B2323E76A5}.Debug|Any CPU.ActiveCfg = Debug|Any CPU
		{C5B1A146-1D2A-4FF1-B011-54B2323E76A5}.Debug|Any CPU.Build.0 = Debug|Any CPU
		{C5B1A146-1D2A-4FF1-B011-54B2323E76A5}.Release|Any CPU.ActiveCfg = Release|Any CPU
		{C5B1A146-1D2A-4FF1-B011-54B2323E76A5}.Release|Any CPU.Build.0 = Release|Any CPU
		{0CD21489-9BCF-4C64-AA1C-598778E7EE34}.Debug|Any CPU.ActiveCfg = Debug|Any CPU
		{0CD21489-9BCF-4C64-AA1C-598778E7EE34}.Debug|Any CPU.Build.0 = Debug|Any CPU
		{0CD21489-9BCF-4C64-AA1C-598778E7EE34}.Release|Any CPU.ActiveCfg = Release|Any CPU
		{0CD21489-9BCF-4C64-AA1C-598778E7EE34}.Release|Any CPU.Build.0 = Release|Any CPU
	EndGlobalSection
	GlobalSection(SolutionProperties) = preSolution
		HideSolutionNode = FALSE
	EndGlobalSection
	GlobalSection(ExtensibilityGlobals) = postSolution
		SolutionGuid = {0465F2DD-32F3-44EB-97F6-1B953EB3FD05}
	EndGlobalSection
EndGlobal
